
Microsoft Visual Studio Solution File, Format Version 12.00
# Visual Studio Version 16
VisualStudioVersion = 16.0.31829.152
MinimumVisualStudioVersion = 10.0.40219.1
Project("{FAE04EC0-301F-11D3-BF4B-00C04F79EFBC}") = "lab12Wpf", "lab12Wpf\lab12Wpf.csproj", "{B79077D9-94E2-42F1-9DA3-A58C598876EA}"
EndProject
Global
	GlobalSection(SolutionConfigurationPlatforms) = preSolution
		Debug|Any CPU = Debug|Any CPU
		Release|Any CPU = Release|Any CPU
	EndGlobalSection
	GlobalSection(ProjectConfigurationPlatforms) = postSolution
		{B79077D9-94E2-42F1-9DA3-A58C598876EA}.Debug|Any CPU.ActiveCfg = Debug|Any CPU
		{B79077D9-94E2-42F1-9DA3-A58C598876EA}.Debug|Any CPU.Build.0 = Debug|Any CPU
		{B79077D9-94E2-42F1-9DA3-A58C598876EA}.Release|Any CPU.ActiveCfg = Release|Any CPU
		{B79077D9-94E2-42F1-9DA3-A58C598876EA}.Release|Any CPU.Build.0 = Release|Any CPU
	EndGlobalSection
	GlobalSection(SolutionProperties) = preSolution
		HideSolutionNode = FALSE
	EndGlobalSection
	GlobalSection(ExtensibilityGlobals) = postSolution
		SolutionGuid = {507748EB-C7EC-46D8-90BB-DEC9D937C6CA}
	EndGlobalSection
EndGlobal
